// !$*UTF8*$!
{
	archiveVersion = 1;
	classes = {
	};
	objectVersion = 46;
	objects = {

/* Begin PBXBuildFile section */
		32BF940DD14D75A7A020D927 /* libPods.a in Frameworks */ = {isa = PBXBuildFile; fileRef = A97DA04C5B255ED1512C265A /* libPods.a */; };
		4C2E76351C7FE74D0001E5B3 /* main.m in Sources */ = {isa = PBXBuildFile; fileRef = 4C2E76341C7FE74D0001E5B3 /* main.m */; };
		4C2E76381C7FE74D0001E5B3 /* AppDelegate.m in Sources */ = {isa = PBXBuildFile; fileRef = 4C2E76371C7FE74D0001E5B3 /* AppDelegate.m */; };
		4C2E763A1C7FE74D0001E5B3 /* Assets.xcassets in Resources */ = {isa = PBXBuildFile; fileRef = 4C2E76391C7FE74D0001E5B3 /* Assets.xcassets */; };
		4C2E763D1C7FE74D0001E5B3 /* LaunchScreen.storyboard in Resources */ = {isa = PBXBuildFile; fileRef = 4C2E763B1C7FE74D0001E5B3 /* LaunchScreen.storyboard */; };
		4C2E76481C7FE74D0001E5B3 /* KnowledgePointTests.m in Sources */ = {isa = PBXBuildFile; fileRef = 4C2E76471C7FE74D0001E5B3 /* KnowledgePointTests.m */; };
		4C2E76531C7FE74D0001E5B3 /* KnowledgePointUITests.m in Sources */ = {isa = PBXBuildFile; fileRef = 4C2E76521C7FE74D0001E5B3 /* KnowledgePointUITests.m */; };
		4C2E76651C7FEDD10001E5B3 /* RootViewController.m in Sources */ = {isa = PBXBuildFile; fileRef = 4C2E76641C7FEDD10001E5B3 /* RootViewController.m */; };
		4C2E76681C80009D0001E5B3 /* Singleton.m in Sources */ = {isa = PBXBuildFile; fileRef = 4C2E76671C80009D0001E5B3 /* Singleton.m */; };
		4C2E766B1C8001990001E5B3 /* MBProgressHUD+Helper.m in Sources */ = {isa = PBXBuildFile; fileRef = 4C2E766A1C8001990001E5B3 /* MBProgressHUD+Helper.m */; };
		4C2E766E1C8001A00001E5B3 /* MBProgressHUD.m in Sources */ = {isa = PBXBuildFile; fileRef = 4C2E766D1C8001A00001E5B3 /* MBProgressHUD.m */; };
		4C2E76841C800C870001E5B3 /* NSMutableAttributedString+TY.m in Sources */ = {isa = PBXBuildFile; fileRef = 4C2E76711C800C870001E5B3 /* NSMutableAttributedString+TY.m */; };
		4C2E76851C800C870001E5B3 /* TYAttributedLabel.m in Sources */ = {isa = PBXBuildFile; fileRef = 4C2E76731C800C870001E5B3 /* TYAttributedLabel.m */; };
		4C2E76861C800C870001E5B3 /* TYDrawStorage.m in Sources */ = {isa = PBXBuildFile; fileRef = 4C2E76751C800C870001E5B3 /* TYDrawStorage.m */; };
		4C2E76871C800C870001E5B3 /* TYImageCache.m in Sources */ = {isa = PBXBuildFile; fileRef = 4C2E76771C800C870001E5B3 /* TYImageCache.m */; };
		4C2E76881C800C870001E5B3 /* TYImageStorage.m in Sources */ = {isa = PBXBuildFile; fileRef = 4C2E76791C800C870001E5B3 /* TYImageStorage.m */; };
		4C2E76891C800C870001E5B3 /* TYLinkTextStorage.m in Sources */ = {isa = PBXBuildFile; fileRef = 4C2E767B1C800C870001E5B3 /* TYLinkTextStorage.m */; };
		4C2E768A1C800C870001E5B3 /* TYTextContainer+Extended.m in Sources */ = {isa = PBXBuildFile; fileRef = 4C2E767C1C800C870001E5B3 /* TYTextContainer+Extended.m */; };
		4C2E768B1C800C870001E5B3 /* TYTextContainer.m in Sources */ = {isa = PBXBuildFile; fileRef = 4C2E767E1C800C870001E5B3 /* TYTextContainer.m */; };
		4C2E768C1C800C870001E5B3 /* TYTextStorage.m in Sources */ = {isa = PBXBuildFile; fileRef = 4C2E76801C800C870001E5B3 /* TYTextStorage.m */; };
		4C2E768D1C800C870001E5B3 /* TYViewStorage.m in Sources */ = {isa = PBXBuildFile; fileRef = 4C2E76831C800C870001E5B3 /* TYViewStorage.m */; };
/* End PBXBuildFile section */

/* Begin PBXContainerItemProxy section */
		4C2E76441C7FE74D0001E5B3 /* PBXContainerItemProxy */ = {
			isa = PBXContainerItemProxy;
			containerPortal = 4C2E76281C7FE74D0001E5B3 /* Project object */;
			proxyType = 1;
			remoteGlobalIDString = 4C2E762F1C7FE74D0001E5B3;
			remoteInfo = KnowledgePoint;
		};
		4C2E764F1C7FE74D0001E5B3 /* PBXContainerItemProxy */ = {
			isa = PBXContainerItemProxy;
			containerPortal = 4C2E76281C7FE74D0001E5B3 /* Project object */;
			proxyType = 1;
			remoteGlobalIDString = 4C2E762F1C7FE74D0001E5B3;
			remoteInfo = KnowledgePoint;
		};
/* End PBXContainerItemProxy section */

/* Begin PBXFileReference section */
		0AE483818131AEFDF36BED64 /* Pods.release.xcconfig */ = {isa = PBXFileReference; includeInIndex = 1; lastKnownFileType = text.xcconfig; name = Pods.release.xcconfig; path = "Pods/Target Support Files/Pods/Pods.release.xcconfig"; sourceTree = "<group>"; };
		0E7F9432C48052FA37486D90 /* Pods.debug.xcconfig */ = {isa = PBXFileReference; includeInIndex = 1; lastKnownFileType = text.xcconfig; name = Pods.debug.xcconfig; path = "Pods/Target Support Files/Pods/Pods.debug.xcconfig"; sourceTree = "<group>"; };
		4C2E76301C7FE74D0001E5B3 /* KnowledgePoint.app */ = {isa = PBXFileReference; explicitFileType = wrapper.application; includeInIndex = 0; path = KnowledgePoint.app; sourceTree = BUILT_PRODUCTS_DIR; };
		4C2E76341C7FE74D0001E5B3 /* main.m */ = {isa = PBXFileReference; lastKnownFileType = sourcecode.c.objc; path = main.m; sourceTree = "<group>"; };
		4C2E76361C7FE74D0001E5B3 /* AppDelegate.h */ = {isa = PBXFileReference; lastKnownFileType = sourcecode.c.h; path = AppDelegate.h; sourceTree = "<group>"; };
		4C2E76371C7FE74D0001E5B3 /* AppDelegate.m */ = {isa = PBXFileReference; lastKnownFileType = sourcecode.c.objc; path = AppDelegate.m; sourceTree = "<group>"; };
		4C2E76391C7FE74D0001E5B3 /* Assets.xcassets */ = {isa = PBXFileReference; lastKnownFileType = folder.assetcatalog; path = Assets.xcassets; sourceTree = "<group>"; };
		4C2E763C1C7FE74D0001E5B3 /* Base */ = {isa = PBXFileReference; lastKnownFileType = file.storyboard; name = Base; path = Base.lproj/LaunchScreen.storyboard; sourceTree = "<group>"; };
		4C2E763E1C7FE74D0001E5B3 /* Info.plist */ = {isa = PBXFileReference; lastKnownFileType = text.plist.xml; path = Info.plist; sourceTree = "<group>"; };
		4C2E76431C7FE74D0001E5B3 /* KnowledgePointTests.xctest */ = {isa = PBXFileReference; explicitFileType = wrapper.cfbundle; includeInIndex = 0; path = KnowledgePointTests.xctest; sourceTree = BUILT_PRODUCTS_DIR; };
		4C2E76471C7FE74D0001E5B3 /* KnowledgePointTests.m */ = {isa = PBXFileReference; lastKnownFileType = sourcecode.c.objc; path = KnowledgePointTests.m; sourceTree = "<group>"; };
		4C2E76491C7FE74D0001E5B3 /* Info.plist */ = {isa = PBXFileReference; lastKnownFileType = text.plist.xml; path = Info.plist; sourceTree = "<group>"; };
		4C2E764E1C7FE74D0001E5B3 /* KnowledgePointUITests.xctest */ = {isa = PBXFileReference; explicitFileType = wrapper.cfbundle; includeInIndex = 0; path = KnowledgePointUITests.xctest; sourceTree = BUILT_PRODUCTS_DIR; };
		4C2E76521C7FE74D0001E5B3 /* KnowledgePointUITests.m */ = {isa = PBXFileReference; lastKnownFileType = sourcecode.c.objc; path = KnowledgePointUITests.m; sourceTree = "<group>"; };
		4C2E76541C7FE74D0001E5B3 /* Info.plist */ = {isa = PBXFileReference; lastKnownFileType = text.plist.xml; path = Info.plist; sourceTree = "<group>"; };
		4C2E76631C7FEDD10001E5B3 /* RootViewController.h */ = {isa = PBXFileReference; fileEncoding = 4; lastKnownFileType = sourcecode.c.h; path = RootViewController.h; sourceTree = "<group>"; };
		4C2E76641C7FEDD10001E5B3 /* RootViewController.m */ = {isa = PBXFileReference; fileEncoding = 4; lastKnownFileType = sourcecode.c.objc; path = RootViewController.m; sourceTree = "<group>"; };
		4C2E76661C80009D0001E5B3 /* Singleton.h */ = {isa = PBXFileReference; fileEncoding = 4; lastKnownFileType = sourcecode.c.h; path = Singleton.h; sourceTree = "<group>"; };
		4C2E76671C80009D0001E5B3 /* Singleton.m */ = {isa = PBXFileReference; fileEncoding = 4; lastKnownFileType = sourcecode.c.objc; path = Singleton.m; sourceTree = "<group>"; };
		4C2E76691C8001990001E5B3 /* MBProgressHUD+Helper.h */ = {isa = PBXFileReference; fileEncoding = 4; lastKnownFileType = sourcecode.c.h; path = "MBProgressHUD+Helper.h"; sourceTree = "<group>"; };
		4C2E766A1C8001990001E5B3 /* MBProgressHUD+Helper.m */ = {isa = PBXFileReference; fileEncoding = 4; lastKnownFileType = sourcecode.c.objc; path = "MBProgressHUD+Helper.m"; sourceTree = "<group>"; };
		4C2E766C1C8001A00001E5B3 /* MBProgressHUD.h */ = {isa = PBXFileReference; fileEncoding = 4; lastKnownFileType = sourcecode.c.h; path = MBProgressHUD.h; sourceTree = "<group>"; };
		4C2E766D1C8001A00001E5B3 /* MBProgressHUD.m */ = {isa = PBXFileReference; fileEncoding = 4; lastKnownFileType = sourcecode.c.objc; path = MBProgressHUD.m; sourceTree = "<group>"; };
		4C2E76701C800C870001E5B3 /* NSMutableAttributedString+TY.h */ = {isa = PBXFileReference; fileEncoding = 4; lastKnownFileType = sourcecode.c.h; path = "NSMutableAttributedString+TY.h"; sourceTree = "<group>"; };
		4C2E76711C800C870001E5B3 /* NSMutableAttributedString+TY.m */ = {isa = PBXFileReference; fileEncoding = 4; lastKnownFileType = sourcecode.c.objc; path = "NSMutableAttributedString+TY.m"; sourceTree = "<group>"; };
		4C2E76721C800C870001E5B3 /* TYAttributedLabel.h */ = {isa = PBXFileReference; fileEncoding = 4; lastKnownFileType = sourcecode.c.h; path = TYAttributedLabel.h; sourceTree = "<group>"; };
		4C2E76731C800C870001E5B3 /* TYAttributedLabel.m */ = {isa = PBXFileReference; fileEncoding = 4; lastKnownFileType = sourcecode.c.objc; path = TYAttributedLabel.m; sourceTree = "<group>"; };
		4C2E76741C800C870001E5B3 /* TYDrawStorage.h */ = {isa = PBXFileReference; fileEncoding = 4; lastKnownFileType = sourcecode.c.h; path = TYDrawStorage.h; sourceTree = "<group>"; };
		4C2E76751C800C870001E5B3 /* TYDrawStorage.m */ = {isa = PBXFileReference; fileEncoding = 4; lastKnownFileType = sourcecode.c.objc; path = TYDrawStorage.m; sourceTree = "<group>"; };
		4C2E76761C800C870001E5B3 /* TYImageCache.h */ = {isa = PBXFileReference; fileEncoding = 4; lastKnownFileType = sourcecode.c.h; path = TYImageCache.h; sourceTree = "<group>"; };
		4C2E76771C800C870001E5B3 /* TYImageCache.m */ = {isa = PBXFileReference; fileEncoding = 4; lastKnownFileType = sourcecode.c.objc; path = TYImageCache.m; sourceTree = "<group>"; };
		4C2E76781C800C870001E5B3 /* TYImageStorage.h */ = {isa = PBXFileReference; fileEncoding = 4; lastKnownFileType = sourcecode.c.h; path = TYImageStorage.h; sourceTree = "<group>"; };
		4C2E76791C800C870001E5B3 /* TYImageStorage.m */ = {isa = PBXFileReference; fileEncoding = 4; lastKnownFileType = sourcecode.c.objc; path = TYImageStorage.m; sourceTree = "<group>"; };
		4C2E767A1C800C870001E5B3 /* TYLinkTextStorage.h */ = {isa = PBXFileReference; fileEncoding = 4; lastKnownFileType = sourcecode.c.h; path = TYLinkTextStorage.h; sourceTree = "<group>"; };
		4C2E767B1C800C870001E5B3 /* TYLinkTextStorage.m */ = {isa = PBXFileReference; fileEncoding = 4; lastKnownFileType = sourcecode.c.objc; path = TYLinkTextStorage.m; sourceTree = "<group>"; };
		4C2E767C1C800C870001E5B3 /* TYTextContainer+Extended.m */ = {isa = PBXFileReference; fileEncoding = 4; lastKnownFileType = sourcecode.c.objc; path = "TYTextContainer+Extended.m"; sourceTree = "<group>"; };
		4C2E767D1C800C870001E5B3 /* TYTextContainer.h */ = {isa = PBXFileReference; fileEncoding = 4; lastKnownFileType = sourcecode.c.h; path = TYTextContainer.h; sourceTree = "<group>"; };
		4C2E767E1C800C870001E5B3 /* TYTextContainer.m */ = {isa = PBXFileReference; fileEncoding = 4; lastKnownFileType = sourcecode.c.objc; path = TYTextContainer.m; sourceTree = "<group>"; };
		4C2E767F1C800C870001E5B3 /* TYTextStorage.h */ = {isa = PBXFileReference; fileEncoding = 4; lastKnownFileType = sourcecode.c.h; path = TYTextStorage.h; sourceTree = "<group>"; };
		4C2E76801C800C870001E5B3 /* TYTextStorage.m */ = {isa = PBXFileReference; fileEncoding = 4; lastKnownFileType = sourcecode.c.objc; path = TYTextStorage.m; sourceTree = "<group>"; };
		4C2E76811C800C870001E5B3 /* TYTextStorageProtocol.h */ = {isa = PBXFileReference; fileEncoding = 4; lastKnownFileType = sourcecode.c.h; path = TYTextStorageProtocol.h; sourceTree = "<group>"; };
		4C2E76821C800C870001E5B3 /* TYViewStorage.h */ = {isa = PBXFileReference; fileEncoding = 4; lastKnownFileType = sourcecode.c.h; path = TYViewStorage.h; sourceTree = "<group>"; };
		4C2E76831C800C870001E5B3 /* TYViewStorage.m */ = {isa = PBXFileReference; fileEncoding = 4; lastKnownFileType = sourcecode.c.objc; path = TYViewStorage.m; sourceTree = "<group>"; };
		A97DA04C5B255ED1512C265A /* libPods.a */ = {isa = PBXFileReference; explicitFileType = archive.ar; includeInIndex = 0; path = libPods.a; sourceTree = BUILT_PRODUCTS_DIR; };
/* End PBXFileReference section */

/* Begin PBXFrameworksBuildPhase section */
		4C2E762D1C7FE74D0001E5B3 /* Frameworks */ = {
			isa = PBXFrameworksBuildPhase;
			buildActionMask = 2147483647;
			files = (
				32BF940DD14D75A7A020D927 /* libPods.a in Frameworks */,
			);
			runOnlyForDeploymentPostprocessing = 0;
		};
		4C2E76401C7FE74D0001E5B3 /* Frameworks */ = {
			isa = PBXFrameworksBuildPhase;
			buildActionMask = 2147483647;
			files = (
			);
			runOnlyForDeploymentPostprocessing = 0;
		};
		4C2E764B1C7FE74D0001E5B3 /* Frameworks */ = {
			isa = PBXFrameworksBuildPhase;
			buildActionMask = 2147483647;
			files = (
			);
			runOnlyForDeploymentPostprocessing = 0;
		};
/* End PBXFrameworksBuildPhase section */

/* Begin PBXGroup section */
		0C5A7C7FF8E86D69D5D08E1C /* Frameworks */ = {
			isa = PBXGroup;
			children = (
				A97DA04C5B255ED1512C265A /* libPods.a */,
			);
			name = Frameworks;
			sourceTree = "<group>";
		};
		4C2E76271C7FE74D0001E5B3 = {
			isa = PBXGroup;
			children = (
				4C2E76321C7FE74D0001E5B3 /* KnowledgePoint */,
				4C2E76461C7FE74D0001E5B3 /* KnowledgePointTests */,
				4C2E76511C7FE74D0001E5B3 /* KnowledgePointUITests */,
				4C2E76311C7FE74D0001E5B3 /* Products */,
				92B59A5FA48B285E90C087CA /* Pods */,
				0C5A7C7FF8E86D69D5D08E1C /* Frameworks */,
			);
			sourceTree = "<group>";
		};
		4C2E76311C7FE74D0001E5B3 /* Products */ = {
			isa = PBXGroup;
			children = (
				4C2E76301C7FE74D0001E5B3 /* KnowledgePoint.app */,
				4C2E76431C7FE74D0001E5B3 /* KnowledgePointTests.xctest */,
				4C2E764E1C7FE74D0001E5B3 /* KnowledgePointUITests.xctest */,
			);
			name = Products;
			sourceTree = "<group>";
		};
		4C2E76321C7FE74D0001E5B3 /* KnowledgePoint */ = {
			isa = PBXGroup;
			children = (
				4C2E76361C7FE74D0001E5B3 /* AppDelegate.h */,
				4C2E76371C7FE74D0001E5B3 /* AppDelegate.m */,
				4C2E76631C7FEDD10001E5B3 /* RootViewController.h */,
				4C2E76641C7FEDD10001E5B3 /* RootViewController.m */,
				4C2E76691C8001990001E5B3 /* MBProgressHUD+Helper.h */,
				4C2E766A1C8001990001E5B3 /* MBProgressHUD+Helper.m */,
				4C2E76661C80009D0001E5B3 /* Singleton.h */,
				4C2E76671C80009D0001E5B3 /* Singleton.m */,
				4C2E766C1C8001A00001E5B3 /* MBProgressHUD.h */,
				4C2E766D1C8001A00001E5B3 /* MBProgressHUD.m */,
				4C2E766F1C800C870001E5B3 /* TYAttributedLabel */,
				4C2E76391C7FE74D0001E5B3 /* Assets.xcassets */,
				4C2E763B1C7FE74D0001E5B3 /* LaunchScreen.storyboard */,
				4C2E763E1C7FE74D0001E5B3 /* Info.plist */,
				4C2E76331C7FE74D0001E5B3 /* Supporting Files */,
			);
			path = KnowledgePoint;
			sourceTree = "<group>";
		};
		4C2E76331C7FE74D0001E5B3 /* Supporting Files */ = {
			isa = PBXGroup;
			children = (
				4C2E76341C7FE74D0001E5B3 /* main.m */,
			);
			name = "Supporting Files";
			sourceTree = "<group>";
		};
		4C2E76461C7FE74D0001E5B3 /* KnowledgePointTests */ = {
			isa = PBXGroup;
			children = (
				4C2E76471C7FE74D0001E5B3 /* KnowledgePointTests.m */,
				4C2E76491C7FE74D0001E5B3 /* Info.plist */,
			);
			path = KnowledgePointTests;
			sourceTree = "<group>";
		};
		4C2E76511C7FE74D0001E5B3 /* KnowledgePointUITests */ = {
			isa = PBXGroup;
			children = (
				4C2E76521C7FE74D0001E5B3 /* KnowledgePointUITests.m */,
				4C2E76541C7FE74D0001E5B3 /* Info.plist */,
			);
			path = KnowledgePointUITests;
			sourceTree = "<group>";
		};
		4C2E766F1C800C870001E5B3 /* TYAttributedLabel */ = {
			isa = PBXGroup;
			children = (
				4C2E76701C800C870001E5B3 /* NSMutableAttributedString+TY.h */,
				4C2E76711C800C870001E5B3 /* NSMutableAttributedString+TY.m */,
				4C2E76721C800C870001E5B3 /* TYAttributedLabel.h */,
				4C2E76731C800C870001E5B3 /* TYAttributedLabel.m */,
				4C2E76741C800C870001E5B3 /* TYDrawStorage.h */,
				4C2E76751C800C870001E5B3 /* TYDrawStorage.m */,
				4C2E76761C800C870001E5B3 /* TYImageCache.h */,
				4C2E76771C800C870001E5B3 /* TYImageCache.m */,
				4C2E76781C800C870001E5B3 /* TYImageStorage.h */,
				4C2E76791C800C870001E5B3 /* TYImageStorage.m */,
				4C2E767A1C800C870001E5B3 /* TYLinkTextStorage.h */,
				4C2E767B1C800C870001E5B3 /* TYLinkTextStorage.m */,
				4C2E767C1C800C870001E5B3 /* TYTextContainer+Extended.m */,
				4C2E767D1C800C870001E5B3 /* TYTextContainer.h */,
				4C2E767E1C800C870001E5B3 /* TYTextContainer.m */,
				4C2E767F1C800C870001E5B3 /* TYTextStorage.h */,
				4C2E76801C800C870001E5B3 /* TYTextStorage.m */,
				4C2E76811C800C870001E5B3 /* TYTextStorageProtocol.h */,
				4C2E76821C800C870001E5B3 /* TYViewStorage.h */,
				4C2E76831C800C870001E5B3 /* TYViewStorage.m */,
			);
			path = TYAttributedLabel;
			sourceTree = "<group>";
		};
		92B59A5FA48B285E90C087CA /* Pods */ = {
			isa = PBXGroup;
			children = (
				0E7F9432C48052FA37486D90 /* Pods.debug.xcconfig */,
				0AE483818131AEFDF36BED64 /* Pods.release.xcconfig */,
			);
			name = Pods;
			sourceTree = "<group>";
		};
/* End PBXGroup section */

/* Begin PBXNativeTarget section */
		4C2E762F1C7FE74D0001E5B3 /* KnowledgePoint */ = {
			isa = PBXNativeTarget;
			buildConfigurationList = 4C2E76571C7FE74D0001E5B3 /* Build configuration list for PBXNativeTarget "KnowledgePoint" */;
			buildPhases = (
				10BEF73172B51BD1C35480F2 /* Check Pods Manifest.lock */,
				4C2E762C1C7FE74D0001E5B3 /* Sources */,
				4C2E762D1C7FE74D0001E5B3 /* Frameworks */,
				4C2E762E1C7FE74D0001E5B3 /* Resources */,
				A798F927BFAE39D08D22354B /* Embed Pods Frameworks */,
				51BD2D3F745F42A6CFEFF07E /* Copy Pods Resources */,
			);
			buildRules = (
			);
			dependencies = (
			);
			name = KnowledgePoint;
			productName = KnowledgePoint;
			productReference = 4C2E76301C7FE74D0001E5B3 /* KnowledgePoint.app */;
			productType = "com.apple.product-type.application";
		};
		4C2E76421C7FE74D0001E5B3 /* KnowledgePointTests */ = {
			isa = PBXNativeTarget;
			buildConfigurationList = 4C2E765A1C7FE74D0001E5B3 /* Build configuration list for PBXNativeTarget "KnowledgePointTests" */;
			buildPhases = (
				4C2E763F1C7FE74D0001E5B3 /* Sources */,
				4C2E76401C7FE74D0001E5B3 /* Frameworks */,
				4C2E76411C7FE74D0001E5B3 /* Resources */,
			);
			buildRules = (
			);
			dependencies = (
				4C2E76451C7FE74D0001E5B3 /* PBXTargetDependency */,
			);
			name = KnowledgePointTests;
			productName = KnowledgePointTests;
			productReference = 4C2E76431C7FE74D0001E5B3 /* KnowledgePointTests.xctest */;
			productType = "com.apple.product-type.bundle.unit-test";
		};
		4C2E764D1C7FE74D0001E5B3 /* KnowledgePointUITests */ = {
			isa = PBXNativeTarget;
			buildConfigurationList = 4C2E765D1C7FE74D0001E5B3 /* Build configuration list for PBXNativeTarget "KnowledgePointUITests" */;
			buildPhases = (
				4C2E764A1C7FE74D0001E5B3 /* Sources */,
				4C2E764B1C7FE74D0001E5B3 /* Frameworks */,
				4C2E764C1C7FE74D0001E5B3 /* Resources */,
			);
			buildRules = (
			);
			dependencies = (
				4C2E76501C7FE74D0001E5B3 /* PBXTargetDependency */,
			);
			name = KnowledgePointUITests;
			productName = KnowledgePointUITests;
			productReference = 4C2E764E1C7FE74D0001E5B3 /* KnowledgePointUITests.xctest */;
			productType = "com.apple.product-type.bundle.ui-testing";
		};
/* End PBXNativeTarget section */

/* Begin PBXProject section */
		4C2E76281C7FE74D0001E5B3 /* Project object */ = {
			isa = PBXProject;
			attributes = {
				LastUpgradeCheck = 0710;
				ORGANIZATIONNAME = "Snail iOS";
				TargetAttributes = {
					4C2E762F1C7FE74D0001E5B3 = {
						CreatedOnToolsVersion = 7.1;
					};
					4C2E76421C7FE74D0001E5B3 = {
						CreatedOnToolsVersion = 7.1;
						TestTargetID = 4C2E762F1C7FE74D0001E5B3;
					};
					4C2E764D1C7FE74D0001E5B3 = {
						CreatedOnToolsVersion = 7.1;
						TestTargetID = 4C2E762F1C7FE74D0001E5B3;
					};
				};
			};
			buildConfigurationList = 4C2E762B1C7FE74D0001E5B3 /* Build configuration list for PBXProject "KnowledgePoint" */;
			compatibilityVersion = "Xcode 3.2";
			developmentRegion = English;
			hasScannedForEncodings = 0;
			knownRegions = (
				en,
				Base,
			);
			mainGroup = 4C2E76271C7FE74D0001E5B3;
			productRefGroup = 4C2E76311C7FE74D0001E5B3 /* Products */;
			projectDirPath = "";
			projectRoot = "";
			targets = (
				4C2E762F1C7FE74D0001E5B3 /* KnowledgePoint */,
				4C2E76421C7FE74D0001E5B3 /* KnowledgePointTests */,
				4C2E764D1C7FE74D0001E5B3 /* KnowledgePointUITests */,
			);
		};
/* End PBXProject section */

/* Begin PBXResourcesBuildPhase section */
		4C2E762E1C7FE74D0001E5B3 /* Resources */ = {
			isa = PBXResourcesBuildPhase;
			buildActionMask = 2147483647;
			files = (
				4C2E763A1C7FE74D0001E5B3 /* Assets.xcassets in Resources */,
				4C2E763D1C7FE74D0001E5B3 /* LaunchScreen.storyboard in Resources */,
			);
			runOnlyForDeploymentPostprocessing = 0;
		};
		4C2E76411C7FE74D0001E5B3 /* Resources */ = {
			isa = PBXResourcesBuildPhase;
			buildActionMask = 2147483647;
			files = (
			);
			runOnlyForDeploymentPostprocessing = 0;
		};
		4C2E764C1C7FE74D0001E5B3 /* Resources */ = {
			isa = PBXResourcesBuildPhase;
			buildActionMask = 2147483647;
			files = (
			);
			runOnlyForDeploymentPostprocessing = 0;
		};
/* End PBXResourcesBuildPhase section */

/* Begin PBXShellScriptBuildPhase section */
		10BEF73172B51BD1C35480F2 /* Check Pods Manifest.lock */ = {
			isa = PBXShellScriptBuildPhase;
			buildActionMask = 2147483647;
			files = (
			);
			inputPaths = (
			);
			name = "Check Pods Manifest.lock";
			outputPaths = (
			);
			runOnlyForDeploymentPostprocessing = 0;
			shellPath = /bin/sh;
			shellScript = "diff \"${PODS_ROOT}/../Podfile.lock\" \"${PODS_ROOT}/Manifest.lock\" > /dev/null\nif [[ $? != 0 ]] ; then\n    cat << EOM\nerror: The sandbox is not in sync with the Podfile.lock. Run 'pod install' or update your CocoaPods installation.\nEOM\n    exit 1\nfi\n";
			showEnvVarsInLog = 0;
		};
		51BD2D3F745F42A6CFEFF07E /* Copy Pods Resources */ = {
			isa = PBXShellScriptBuildPhase;
			buildActionMask = 2147483647;
			files = (
			);
			inputPaths = (
			);
			name = "Copy Pods Resources";
			outputPaths = (
			);
			runOnlyForDeploymentPostprocessing = 0;
			shellPath = /bin/sh;
			shellScript = "\"${SRCROOT}/Pods/Target Support Files/Pods/Pods-resources.sh\"\n";
			showEnvVarsInLog = 0;
		};
		A798F927BFAE39D08D22354B /* Embed Pods Frameworks */ = {
			isa = PBXShellScriptBuildPhase;
			buildActionMask = 2147483647;
			files = (
			);
			inputPaths = (
			);
			name = "Embed Pods Frameworks";
			outputPaths = (
			);
			runOnlyForDeploymentPostprocessing = 0;
			shellPath = /bin/sh;
			shellScript = "\"${SRCROOT}/Pods/Target Support Files/Pods/Pods-frameworks.sh\"\n";
			showEnvVarsInLog = 0;
		};
/* End PBXShellScriptBuildPhase section */

/* Begin PBXSourcesBuildPhase section */
		4C2E762C1C7FE74D0001E5B3 /* Sources */ = {
			isa = PBXSourcesBuildPhase;
			buildActionMask = 2147483647;
			files = (
				4C2E76861C800C870001E5B3 /* TYDrawStorage.m in Sources */,
				4C2E76381C7FE74D0001E5B3 /* AppDelegate.m in Sources */,
				4C2E766E1C8001A00001E5B3 /* MBProgressHUD.m in Sources */,
				4C2E768C1C800C870001E5B3 /* TYTextStorage.m in Sources */,
				4C2E76891C800C870001E5B3 /* TYLinkTextStorage.m in Sources */,
				4C2E76881C800C870001E5B3 /* TYImageStorage.m in Sources */,
				4C2E768A1C800C870001E5B3 /* TYTextContainer+Extended.m in Sources */,
				4C2E768D1C800C870001E5B3 /* TYViewStorage.m in Sources */,
				4C2E76681C80009D0001E5B3 /* Singleton.m in Sources */,
				4C2E76851C800C870001E5B3 /* TYAttributedLabel.m in Sources */,
				4C2E76871C800C870001E5B3 /* TYImageCache.m in Sources */,
				4C2E768B1C800C870001E5B3 /* TYTextContainer.m in Sources */,
				4C2E76841C800C870001E5B3 /* NSMutableAttributedString+TY.m in Sources */,
				4C2E766B1C8001990001E5B3 /* MBProgressHUD+Helper.m in Sources */,
				4C2E76351C7FE74D0001E5B3 /* main.m in Sources */,
				4C2E76651C7FEDD10001E5B3 /* RootViewController.m in Sources */,
			);
			runOnlyForDeploymentPostprocessing = 0;
		};
		4C2E763F1C7FE74D0001E5B3 /* Sources */ = {
			isa = PBXSourcesBuildPhase;
			buildActionMask = 2147483647;
			files = (
				4C2E76481C7FE74D0001E5B3 /* KnowledgePointTests.m in Sources */,
			);
			runOnlyForDeploymentPostprocessing = 0;
		};
		4C2E764A1C7FE74D0001E5B3 /* Sources */ = {
			isa = PBXSourcesBuildPhase;
			buildActionMask = 2147483647;
			files = (
				4C2E76531C7FE74D0001E5B3 /* KnowledgePointUITests.m in Sources */,
			);
			runOnlyForDeploymentPostprocessing = 0;
		};
/* End PBXSourcesBuildPhase section */

/* Begin PBXTargetDependency section */
		4C2E76451C7FE74D0001E5B3 /* PBXTargetDependency */ = {
			isa = PBXTargetDependency;
			target = 4C2E762F1C7FE74D0001E5B3 /* KnowledgePoint */;
			targetProxy = 4C2E76441C7FE74D0001E5B3 /* PBXContainerItemProxy */;
		};
		4C2E76501C7FE74D0001E5B3 /* PBXTargetDependency */ = {
			isa = PBXTargetDependency;
			target = 4C2E762F1C7FE74D0001E5B3 /* KnowledgePoint */;
			targetProxy = 4C2E764F1C7FE74D0001E5B3 /* PBXContainerItemProxy */;
		};
/* End PBXTargetDependency section */

/* Begin PBXVariantGroup section */
		4C2E763B1C7FE74D0001E5B3 /* LaunchScreen.storyboard */ = {
			isa = PBXVariantGroup;
			children = (
				4C2E763C1C7FE74D0001E5B3 /* Base */,
			);
			name = LaunchScreen.storyboard;
			sourceTree = "<group>";
		};
/* End PBXVariantGroup section */

/* Begin XCBuildConfiguration section */
		4C2E76551C7FE74D0001E5B3 /* Debug */ = {
			isa = XCBuildConfiguration;
			buildSettings = {
				ALWAYS_SEARCH_USER_PATHS = NO;
				CLANG_CXX_LANGUAGE_STANDARD = "gnu++0x";
				CLANG_CXX_LIBRARY = "libc++";
				CLANG_ENABLE_MODULES = YES;
				CLANG_ENABLE_OBJC_ARC = YES;
				CLANG_WARN_BOOL_CONVERSION = YES;
				CLANG_WARN_CONSTANT_CONVERSION = YES;
				CLANG_WARN_DIRECT_OBJC_ISA_USAGE = YES_ERROR;
				CLANG_WARN_EMPTY_BODY = YES;
				CLANG_WARN_ENUM_CONVERSION = YES;
				CLANG_WARN_INT_CONVERSION = YES;
				CLANG_WARN_OBJC_ROOT_CLASS = YES_ERROR;
				CLANG_WARN_UNREACHABLE_CODE = YES;
				CLANG_WARN__DUPLICATE_METHOD_MATCH = YES;
				"CODE_SIGN_IDENTITY[sdk=iphoneos*]" = "iPhone Developer";
				COPY_PHASE_STRIP = NO;
				DEBUG_INFORMATION_FORMAT = dwarf;
				ENABLE_STRICT_OBJC_MSGSEND = YES;
				ENABLE_TESTABILITY = YES;
				GCC_C_LANGUAGE_STANDARD = gnu99;
				GCC_DYNAMIC_NO_PIC = NO;
				GCC_NO_COMMON_BLOCKS = YES;
				GCC_OPTIMIZATION_LEVEL = 0;
				GCC_PREPROCESSOR_DEFINITIONS = (
					"DEBUG=1",
					"$(inherited)",
				);
				GCC_WARN_64_TO_32_BIT_CONVERSION = YES;
				GCC_WARN_ABOUT_RETURN_TYPE = YES_ERROR;
				GCC_WARN_UNDECLARED_SELECTOR = YES;
				GCC_WARN_UNINITIALIZED_AUTOS = YES_AGGRESSIVE;
				GCC_WARN_UNUSED_FUNCTION = YES;
				GCC_WARN_UNUSED_VARIABLE = YES;
				IPHONEOS_DEPLOYMENT_TARGET = 9.1;
				MTL_ENABLE_DEBUG_INFO = YES;
				ONLY_ACTIVE_ARCH = YES;
				SDKROOT = iphoneos;
				TARGETED_DEVICE_FAMILY = "1,2";
			};
			name = Debug;
		};
		4C2E76561C7FE74D0001E5B3 /* Release */ = {
			isa = XCBuildConfiguration;
			buildSettings = {
				ALWAYS_SEARCH_USER_PATHS = NO;
				CLANG_CXX_LANGUAGE_STANDARD = "gnu++0x";
				CLANG_CXX_LIBRARY = "libc++";
				CLANG_ENABLE_MODULES = YES;
				CLANG_ENABLE_OBJC_ARC = YES;
				CLANG_WARN_BOOL_CONVERSION = YES;
				CLANG_WARN_CONSTANT_CONVERSION = YES;
				CLANG_WARN_DIRECT_OBJC_ISA_USAGE = YES_ERROR;
				CLANG_WARN_EMPTY_BODY = YES;
				CLANG_WARN_ENUM_CONVERSION = YES;
				CLANG_WARN_INT_CONVERSION = YES;
				CLANG_WARN_OBJC_ROOT_CLASS = YES_ERROR;
				CLANG_WARN_UNREACHABLE_CODE = YES;
				CLANG_WARN__DUPLICATE_METHOD_MATCH = YES;
				"CODE_SIGN_IDENTITY[sdk=iphoneos*]" = "iPhone Developer";
				COPY_PHASE_STRIP = NO;
				DEBUG_INFORMATION_FORMAT = "dwarf-with-dsym";
				ENABLE_NS_ASSERTIONS = NO;
				ENABLE_STRICT_OBJC_MSGSEND = YES;
				GCC_C_LANGUAGE_STANDARD = gnu99;
				GCC_NO_COMMON_BLOCKS = YES;
				GCC_WARN_64_TO_32_BIT_CONVERSION = YES;
				GCC_WARN_ABOUT_RETURN_TYPE = YES_ERROR;
				GCC_WARN_UNDECLARED_SELECTOR = YES;
				GCC_WARN_UNINITIALIZED_AUTOS = YES_AGGRESSIVE;
				GCC_WARN_UNUSED_FUNCTION = YES;
				GCC_WARN_UNUSED_VARIABLE = YES;
				IPHONEOS_DEPLOYMENT_TARGET = 9.1;
				MTL_ENABLE_DEBUG_INFO = NO;
				SDKROOT = iphoneos;
				TARGETED_DEVICE_FAMILY = "1,2";
				VALIDATE_PRODUCT = YES;
			};
			name = Release;
		};
		4C2E76581C7FE74D0001E5B3 /* Debug */ = {
			isa = XCBuildConfiguration;
			baseConfigurationReference = 0E7F9432C48052FA37486D90 /* Pods.debug.xcconfig */;
			buildSettings = {
				ASSETCATALOG_COMPILER_APPICON_NAME = AppIcon;
				INFOPLIST_FILE = KnowledgePoint/Info.plist;
				IPHONEOS_DEPLOYMENT_TARGET = 9.1;
				LD_RUNPATH_SEARCH_PATHS = "$(inherited) @executable_path/Frameworks";
				PRODUCT_BUNDLE_IDENTIFIER = SnailTechnology.KnowledgePoint;
				PRODUCT_NAME = "$(TARGET_NAME)";
			};
			name = Debug;
		};
		4C2E76591C7FE74D0001E5B3 /* Release */ = {
			isa = XCBuildConfiguration;
			baseConfigurationReference = 0AE483818131AEFDF36BED64 /* Pods.release.xcconfig */;
			buildSettings = {
				ASSETCATALOG_COMPILER_APPICON_NAME = AppIcon;
				INFOPLIST_FILE = KnowledgePoint/Info.plist;
				IPHONEOS_DEPLOYMENT_TARGET = 9.1;
				LD_RUNPATH_SEARCH_PATHS = "$(inherited) @executable_path/Frameworks";
				PRODUCT_BUNDLE_IDENTIFIER = SnailTechnology.KnowledgePoint;
				PRODUCT_NAME = "$(TARGET_NAME)";
			};
			name = Release;
		};
		4C2E765B1C7FE74D0001E5B3 /* Debug */ = {
			isa = XCBuildConfiguration;
			buildSettings = {
				BUNDLE_LOADER = "$(TEST_HOST)";
				INFOPLIST_FILE = KnowledgePointTests/Info.plist;
				LD_RUNPATH_SEARCH_PATHS = "$(inherited) @executable_path/Frameworks @loader_path/Frameworks";
				PRODUCT_BUNDLE_IDENTIFIER = SnailTechnology.KnowledgePointTests;
				PRODUCT_NAME = "$(TARGET_NAME)";
				TEST_HOST = "$(BUILT_PRODUCTS_DIR)/KnowledgePoint.app/KnowledgePoint";
			};
			name = Debug;
		};
		4C2E765C1C7FE74D0001E5B3 /* Release */ = {
			isa = XCBuildConfiguration;
			buildSettings = {
				BUNDLE_LOADER = "$(TEST_HOST)";
				INFOPLIST_FILE = KnowledgePointTests/Info.plist;
				LD_RUNPATH_SEARCH_PATHS = "$(inherited) @executable_path/Frameworks @loader_path/Frameworks";
				PRODUCT_BUNDLE_IDENTIFIER = SnailTechnology.KnowledgePointTests;
				PRODUCT_NAME = "$(TARGET_NAME)";
				TEST_HOST = "$(BUILT_PRODUCTS_DIR)/KnowledgePoint.app/KnowledgePoint";
			};
			name = Release;
		};
		4C2E765E1C7FE74D0001E5B3 /* Debug */ = {
			isa = XCBuildConfiguration;
			buildSettings = {
				INFOPLIST_FILE = KnowledgePointUITests/Info.plist;
				LD_RUNPATH_SEARCH_PATHS = "$(inherited) @executable_path/Frameworks @loader_path/Frameworks";
				PRODUCT_BUNDLE_IDENTIFIER = SnailTechnology.KnowledgePointUITests;
				PRODUCT_NAME = "$(TARGET_NAME)";
				TEST_TARGET_NAME = KnowledgePoint;
				USES_XCTRUNNER = YES;
			};
			name = Debug;
		};
		4C2E765F1C7FE74D0001E5B3 /* Release */ = {
			isa = XCBuildConfiguration;
			buildSettings = {
				INFOPLIST_FILE = KnowledgePointUITests/Info.plist;
				LD_RUNPATH_SEARCH_PATHS = "$(inherited) @executable_path/Frameworks @loader_path/Frameworks";
				PRODUCT_BUNDLE_IDENTIFIER = SnailTechnology.KnowledgePointUITests;
				PRODUCT_NAME = "$(TARGET_NAME)";
				TEST_TARGET_NAME = KnowledgePoint;
				USES_XCTRUNNER = YES;
			};
			name = Release;
		};
/* End XCBuildConfiguration section */

/* Begin XCConfigurationList section */
		4C2E762B1C7FE74D0001E5B3 /* Build configuration list for PBXProject "KnowledgePoint" */ = {
			isa = XCConfigurationList;
			buildConfigurations = (
				4C2E76551C7FE74D0001E5B3 /* Debug */,
				4C2E76561C7FE74D0001E5B3 /* Release */,
			);
			defaultConfigurationIsVisible = 0;
			defaultConfigurationName = Release;
		};
		4C2E76571C7FE74D0001E5B3 /* Build configuration list for PBXNativeTarget "KnowledgePoint" */ = {
			isa = XCConfigurationList;
			buildConfigurations = (
				4C2E76581C7FE74D0001E5B3 /* Debug */,
				4C2E76591C7FE74D0001E5B3 /* Release */,
			);
			defaultConfigurationIsVisible = 0;
			defaultConfigurationName = Release;
		};
		4C2E765A1C7FE74D0001E5B3 /* Build configuration list for PBXNativeTarget "KnowledgePointTests" */ = {
			isa = XCConfigurationList;
			buildConfigurations = (
				4C2E765B1C7FE74D0001E5B3 /* Debug */,
				4C2E765C1C7FE74D0001E5B3 /* Release */,
			);
			defaultConfigurationIsVisible = 0;
			defaultConfigurationName = Release;
		};
		4C2E765D1C7FE74D0001E5B3 /* Build configuration list for PBXNativeTarget "KnowledgePointUITests" */ = {
			isa = XCConfigurationList;
			buildConfigurations = (
				4C2E765E1C7FE74D0001E5B3 /* Debug */,
				4C2E765F1C7FE74D0001E5B3 /* Release */,
			);
			defaultConfigurationIsVisible = 0;
			defaultConfigurationName = Release;
		};
/* End XCConfigurationList section */
	};
	rootObject = 4C2E76281C7FE74D0001E5B3 /* Project object */;
}
